// !$*UTF8*$!
{
	archiveVersion = 1;
	classes = {
	};
	objectVersion = 56;
	objects = {

/* Begin PBXBuildFile section */
		11A111111111111111111111 /* AuroranHealthApp.swift in Sources */ = {isa = PBXBuildFile; fileRef = 11A111111111111111111112 /* AuroranHealthApp.swift */; };
		11A111111111111111111113 /* ContentView.swift in Sources */ = {isa = PBXBuildFile; fileRef = 11A111111111111111111114 /* ContentView.swift */; };
		11A111111111111111111115 /* WebView.swift in Sources */ = {isa = PBXBuildFile; fileRef = 11A111111111111111111116 /* WebView.swift */; };
		11A111111111111111111117 /* Assets.xcassets in Resources */ = {isa = PBXBuildFile; fileRef = 11A111111111111111111118 /* Assets.xcassets */; };
		11A111111111111111111119 /* Preview Assets.xcassets in Resources */ = {isa = PBXBuildFile; fileRef = 11A111111111111111111120 /* Preview Assets.xcassets */; };
/* End PBXBuildFile section */

/* Begin PBXFileReference section */
		11A111111111111111111121 /* AuroranHealthApp.app */ = {isa = PBXFileReference; explicitFileType = wrapper.application; path = AuroranHealthApp.app; sourceTree = BUILT_PRODUCTS_DIR; };
		11A111111111111111111112 /* AuroranHealthApp.swift */ = {isa = PBXFileReference; lastKnownFileType = sourcecode.swift; path = AuroranHealthApp.swift; sourceTree = "<group>"; };
		11A111111111111111111114 /* ContentView.swift */ = {isa = PBXFileReference; lastKnownFileType = sourcecode.swift; path = ContentView.swift; sourceTree = "<group>"; };
		11A111111111111111111116 /* WebView.swift */ = {isa = PBXFileReference; lastKnownFileType = sourcecode.swift; path = WebView.swift; sourceTree = "<group>"; };
		11A111111111111111111118 /* Assets.xcassets */ = {isa = PBXFileReference; lastKnownFileType = folder.assetcatalog; path = Assets.xcassets; sourceTree = "<group>"; };
		11A111111111111111111120 /* Preview Assets.xcassets */ = {isa = PBXFileReference; lastKnownFileType = folder.assetcatalog; path = "Preview Assets.xcassets"; sourceTree = "<group>"; };
/* End PBXFileReference section */

/* Begin PBXFrameworksBuildPhase section */
		11A111111111111111111130 /* Frameworks */ = {
			isa = PBXFrameworksBuildPhase;
			buildActionMask = 2147483647;
			files = (
			);
			runOnlyForDeploymentPostprocessing = 0;
		};
/* End PBXFrameworksBuildPhase section */

/* Begin PBXGroup section */
		11A111111111111111111140 /* AuroranHealthApp */ = {
			isa = PBXGroup;
			children = (
				11A111111111111111111118 /* Assets.xcassets */,
				11A111111111111111111112 /* AuroranHealthApp.swift */,
				11A111111111111111111114 /* ContentView.swift */,
				11A111111111111111111116 /* WebView.swift */,
				11A111111111111111111150 /* Preview Content */,
			);
			path = AuroranHealthApp;
			sourceTree = "<group>";
		};
		11A111111111111111111150 /* Preview Content */ = {
			isa = PBXGroup;
			children = (
				11A111111111111111111120 /* Preview Assets.xcassets */,
			);
			path = "Preview Content";
			sourceTree = "<group>";
		};
		11A111111111111111111160 /* Products */ = {
			isa = PBXGroup;
			children = (
				11A111111111111111111121 /* AuroranHealthApp.app */,
			);
			name = Products;
			sourceTree = "<group>";
		};
		11A111111111111111111170 /* Main */ = {
			isa = PBXGroup;
			children = (
				11A111111111111111111140 /* AuroranHealthApp */,
				11A111111111111111111160 /* Products */,
			);
			sourceTree = "<group>";
		};
/* End PBXGroup section */

/* Begin PBXNativeTarget section */
		11A111111111111111111180 /* AuroranHealthApp */ = {
			isa = PBXNativeTarget;
			buildConfigurationList = 11A1111111111111111111B0 /* Build configuration list for PBXNativeTarget "AuroranHealthApp" */;
			buildPhases = (
				11A111111111111111111190 /* Sources */,
				11A1111111111111111111A0 /* Resources */,
				11A111111111111111111130 /* Frameworks */,
			);
			buildRules = (
			);
			dependencies = (
			);
			name = AuroranHealthApp;
			productName = AuroranHealthApp;
			productReference = 11A111111111111111111121 /* AuroranHealthApp.app */;
			productType = "com.apple.product-type.application";
		};
/* End PBXNativeTarget section */

/* Begin PBXProject section */
		11A1111111111111111111C0 /* Project object */ = {
			isa = PBXProject;
			attributes = {
				BuildIndependentTargetsInParallel = 1;
				LastUpgradeCheck = 1500;
				TargetAttributes = {
					11A111111111111111111180 = {
						CreatedOnToolsVersion = 15.0;
					};
				};
			};
			buildConfigurationList = 11A1111111111111111111D0 /* Build configuration list for PBXProject "AuroranHealthApp" */;
			compatibilityVersion = "Xcode 14.0";
			developmentRegion = en;
			hasScannedForEncodings = 0;
			mainGroup = 11A111111111111111111170 /* Main */;
			productRefGroup = 11A111111111111111111160 /* Products */;
			projectDirPath = "";
			projectRoot = "";
			targets = (
				11A111111111111111111180 /* AuroranHealthApp */,
			);
		};
/* End PBXProject section */

/* Begin PBXResourcesBuildPhase section */
		11A1111111111111111111A0 /* Resources */ = {
			isa = PBXResourcesBuildPhase;
			buildActionMask = 2147483647;
			files = (
				11A111111111111111111117 /* Assets.xcassets in Resources */,
				11A111111111111111111119 /* Preview Assets.xcassets in Resources */,
			);
			runOnlyForDeploymentPostprocessing = 0;
		};
/* End PBXResourcesBuildPhase section */

/* Begin PBXSourcesBuildPhase section */
		11A111111111111111111190 /* Sources */ = {
			isa = PBXSourcesBuildPhase;
			buildActionMask = 2147483647;
			files = (
				11A111111111111111111111 /* AuroranHealthApp.swift in Sources */,
				11A111111111111111111113 /* ContentView.swift in Sources */,
				11A111111111111111111115 /* WebView.swift in Sources */,
			);
			runOnlyForDeploymentPostprocessing = 0;
		};
/* End PBXSourcesBuildPhase section */

/* Begin XCBuildConfiguration section */
		11A1111111111111111111E0 /* Debug */ = {
			isa = XCBuildConfiguration;
			buildSettings = {
				ASSETCATALOG_COMPILER_APPICON_NAME = AppIcon;
				CURRENT_PROJECT_VERSION = 1;
				GENERATE_INFOPLIST_FILE = YES;
				INFOPLIST_KEY_CFBundleDisplayName = AuroranHealth;
				INFOPLIST_KEY_LSRequiresIPhoneOS = YES;
				INFOPLIST_KEY_UIRequiresPersistentWiFi = NO;
				IPHONEOS_DEPLOYMENT_TARGET = 16.0;
				LD_RUNPATH_SEARCH_PATHS = (
					"$(inherited)",
					"@executable_path/Frameworks",
				);
				MARKETING_VERSION = 1.0.0;
				PRODUCT_BUNDLE_IDENTIFIER = ai.lobstergains.auroranhealth;
				PRODUCT_NAME = "$(TARGET_NAME)";
				SWIFT_VERSION = 5.0;
				TARGETED_DEVICE_FAMILY = "1,2";
			};
			name = Debug;
		};
		11A1111111111111111111E1 /* Release */ = {
			isa = XCBuildConfiguration;
			buildSettings = {
				ASSETCATALOG_COMPILER_APPICON_NAME = AppIcon;
				CURRENT_PROJECT_VERSION = 1;
				GENERATE_INFOPLIST_FILE = YES;
				INFOPLIST_KEY_CFBundleDisplayName = AuroranHealth;
				INFOPLIST_KEY_LSRequiresIPhoneOS = YES;
				INFOPLIST_KEY_UIRequiresPersistentWiFi = NO;
				IPHONEOS_DEPLOYMENT_TARGET = 16.0;
				LD_RUNPATH_SEARCH_PATHS = (
					"$(inherited)",
					"@executable_path/Frameworks",
				);
				MARKETING_VERSION = 1.0.0;
				PRODUCT_BUNDLE_IDENTIFIER = ai.lobstergains.auroranhealth;
				PRODUCT_NAME = "$(TARGET_NAME)";
				SWIFT_VERSION = 5.0;
				TARGETED_DEVICE_FAMILY = "1,2";
			};
			name = Release;
		};
		11A1111111111111111111E2 /* Debug */ = {
			isa = XCBuildConfiguration;
			buildSettings = {
				CLANG_ENABLE_OBJC_WEAK = YES;
				ONLY_ACTIVE_ARCH = YES;
				SDKROOT = iphoneos;
				SWIFT_OPTIMIZATION_LEVEL = "-Onone";
			};
			name = Debug;
		};
		11A1111111111111111111E3 /* Release */ = {
			isa = XCBuildConfiguration;
			buildSettings = {
				CLANG_ENABLE_OBJC_WEAK = YES;
				SDKROOT = iphoneos;
				SWIFT_OPTIMIZATION_LEVEL = "-O";
			};
			name = Release;
		};
/* End XCBuildConfiguration section */

/* Begin XCConfigurationList section */
		11A1111111111111111111B0 /* Build configuration list for PBXNativeTarget "AuroranHealthApp" */ = {
			isa = XCConfigurationList;
			buildConfigurations = (
				11A1111111111111111111E0 /* Debug */,
				11A1111111111111111111E1 /* Release */,
			);
			defaultConfigurationIsVisible = 0;
			defaultConfigurationName = Debug;
		};
		11A1111111111111111111D0 /* Build configuration list for PBXProject "AuroranHealthApp" */ = {
			isa = XCConfigurationList;
			buildConfigurations = (
				11A1111111111111111111E2 /* Debug */,
				11A1111111111111111111E3 /* Release */,
			);
			defaultConfigurationIsVisible = 0;
			defaultConfigurationName = Debug;
		};
/* End XCConfigurationList section */
	};
	rootObject = 11A1111111111111111111C0 /* Project object */;
}
